// !$*UTF8*$!
{
	archiveVersion = 1;
	classes = {
	};
	objectVersion = 56;
	objects = {

/* Begin PBXBuildFile section */
		CC3BD02F2B7A8AEE00035929 /* UnitConverter002App.swift in Sources */ = {isa = PBXBuildFile; fileRef = CC3BD02E2B7A8AEE00035929 /* UnitConverter002App.swift */; };
		CC3BD0332B7A8AF100035929 /* Assets.xcassets in Resources */ = {isa = PBXBuildFile; fileRef = CC3BD0322B7A8AF100035929 /* Assets.xcassets */; };
		CC3BD0362B7A8AF100035929 /* Preview Assets.xcassets in Resources */ = {isa = PBXBuildFile; fileRef = CC3BD0352B7A8AF100035929 /* Preview Assets.xcassets */; };
		CC3BD03D2B7A8B4400035929 /* UnitModel.swift in Sources */ = {isa = PBXBuildFile; fileRef = CC3BD03C2B7A8B4400035929 /* UnitModel.swift */; };
		CC3BD03F2B7AB79900035929 /* CalculatorView.swift in Sources */ = {isa = PBXBuildFile; fileRef = CC3BD03E2B7AB79900035929 /* CalculatorView.swift */; };
		F2715B182B92CDF300AC952B /* AuthorView.swift in Sources */ = {isa = PBXBuildFile; fileRef = F2715B172B92CDF300AC952B /* AuthorView.swift */; };
		F28255CD2B90246F0089BA2D /* UnitConverterMenuView.swift in Sources */ = {isa = PBXBuildFile; fileRef = F28255CC2B90246F0089BA2D /* UnitConverterMenuView.swift */; };
		F28255CF2B90249C0089BA2D /* UnitConverterView.swift in Sources */ = {isa = PBXBuildFile; fileRef = F28255CE2B90249C0089BA2D /* UnitConverterView.swift */; };
		F28255D12B9024E90089BA2D /* UnitListView.swift in Sources */ = {isa = PBXBuildFile; fileRef = F28255D02B9024E90089BA2D /* UnitListView.swift */; };
		F28255D32B90251E0089BA2D /* UnitView.swift in Sources */ = {isa = PBXBuildFile; fileRef = F28255D22B90251E0089BA2D /* UnitView.swift */; };
		F28255D72B9025B80089BA2D /* UnitViewModel.swift in Sources */ = {isa = PBXBuildFile; fileRef = F28255D62B9025B80089BA2D /* UnitViewModel.swift */; };
		F2A6A4382B90298D0060E210 /* UnitConverterMenuViewModel.swift in Sources */ = {isa = PBXBuildFile; fileRef = F2A6A4372B90298D0060E210 /* UnitConverterMenuViewModel.swift */; };
		F2CB08422B8B08B900F25494 /* Toast.swift in Sources */ = {isa = PBXBuildFile; fileRef = F2CB08412B8B08B900F25494 /* Toast.swift */; };
/* End PBXBuildFile section */

/* Begin PBXFileReference section */
		CC3BD02B2B7A8AEE00035929 /* UnitConverter.app */ = {isa = PBXFileReference; explicitFileType = wrapper.application; includeInIndex = 0; path = UnitConverter.app; sourceTree = BUILT_PRODUCTS_DIR; };
		CC3BD02E2B7A8AEE00035929 /* UnitConverter002App.swift */ = {isa = PBXFileReference; lastKnownFileType = sourcecode.swift; path = UnitConverter002App.swift; sourceTree = "<group>"; };
		CC3BD0322B7A8AF100035929 /* Assets.xcassets */ = {isa = PBXFileReference; lastKnownFileType = folder.assetcatalog; path = Assets.xcassets; sourceTree = "<group>"; };
		CC3BD0352B7A8AF100035929 /* Preview Assets.xcassets */ = {isa = PBXFileReference; lastKnownFileType = folder.assetcatalog; path = "Preview Assets.xcassets"; sourceTree = "<group>"; };
		CC3BD03C2B7A8B4400035929 /* UnitModel.swift */ = {isa = PBXFileReference; lastKnownFileType = sourcecode.swift; path = UnitModel.swift; sourceTree = "<group>"; };
		CC3BD03E2B7AB79900035929 /* CalculatorView.swift */ = {isa = PBXFileReference; lastKnownFileType = sourcecode.swift; path = CalculatorView.swift; sourceTree = "<group>"; };
		F2715B172B92CDF300AC952B /* AuthorView.swift */ = {isa = PBXFileReference; lastKnownFileType = sourcecode.swift; path = AuthorView.swift; sourceTree = "<group>"; };
		F28255CC2B90246F0089BA2D /* UnitConverterMenuView.swift */ = {isa = PBXFileReference; lastKnownFileType = sourcecode.swift; path = UnitConverterMenuView.swift; sourceTree = "<group>"; };
		F28255CE2B90249C0089BA2D /* UnitConverterView.swift */ = {isa = PBXFileReference; lastKnownFileType = sourcecode.swift; path = UnitConverterView.swift; sourceTree = "<group>"; };
		F28255D02B9024E90089BA2D /* UnitListView.swift */ = {isa = PBXFileReference; lastKnownFileType = sourcecode.swift; path = UnitListView.swift; sourceTree = "<group>"; };
		F28255D22B90251E0089BA2D /* UnitView.swift */ = {isa = PBXFileReference; lastKnownFileType = sourcecode.swift; path = UnitView.swift; sourceTree = "<group>"; };
		F28255D62B9025B80089BA2D /* UnitViewModel.swift */ = {isa = PBXFileReference; lastKnownFileType = sourcecode.swift; path = UnitViewModel.swift; sourceTree = "<group>"; };
		F2A6A4372B90298D0060E210 /* UnitConverterMenuViewModel.swift */ = {isa = PBXFileReference; lastKnownFileType = sourcecode.swift; path = UnitConverterMenuViewModel.swift; sourceTree = "<group>"; };
		F2CB08412B8B08B900F25494 /* Toast.swift */ = {isa = PBXFileReference; lastKnownFileType = sourcecode.swift; path = Toast.swift; sourceTree = "<group>"; };
/* End PBXFileReference section */

/* Begin PBXFrameworksBuildPhase section */
		CC3BD0282B7A8AEE00035929 /* Frameworks */ = {
			isa = PBXFrameworksBuildPhase;
			buildActionMask = 2147483647;
			files = (
			);
			runOnlyForDeploymentPostprocessing = 0;
		};
/* End PBXFrameworksBuildPhase section */

/* Begin PBXGroup section */
		CC3BD0222B7A8AEE00035929 = {
			isa = PBXGroup;
			children = (
				CC3BD02D2B7A8AEE00035929 /* UnitConverter */,
				CC3BD02C2B7A8AEE00035929 /* Products */,
			);
			sourceTree = "<group>";
		};
		CC3BD02C2B7A8AEE00035929 /* Products */ = {
			isa = PBXGroup;
			children = (
				CC3BD02B2B7A8AEE00035929 /* UnitConverter.app */,
			);
			name = Products;
			sourceTree = "<group>";
		};
		CC3BD02D2B7A8AEE00035929 /* UnitConverter */ = {
			isa = PBXGroup;
			children = (
				F22300AD2B9170D300C459B5 /* Calculator */,
				F22300AC2B91709600C459B5 /* Model */,
				F22300AB2B91706700C459B5 /* Common */,
				F22300AA2B91705100C459B5 /* ViewModel */,
				F22300A92B91702E00C459B5 /* View */,
				CC3BD0322B7A8AF100035929 /* Assets.xcassets */,
				CC3BD0342B7A8AF100035929 /* Preview Content */,
			);
			path = UnitConverter;
			sourceTree = "<group>";
		};
		CC3BD0342B7A8AF100035929 /* Preview Content */ = {
			isa = PBXGroup;
			children = (
				CC3BD0352B7A8AF100035929 /* Preview Assets.xcassets */,
			);
			path = "Preview Content";
			sourceTree = "<group>";
		};
		F22300A92B91702E00C459B5 /* View */ = {
			isa = PBXGroup;
			children = (
				CC3BD02E2B7A8AEE00035929 /* UnitConverter002App.swift */,
				F28255CC2B90246F0089BA2D /* UnitConverterMenuView.swift */,
				F28255CE2B90249C0089BA2D /* UnitConverterView.swift */,
				F28255D02B9024E90089BA2D /* UnitListView.swift */,
				F28255D22B90251E0089BA2D /* UnitView.swift */,
				F2715B172B92CDF300AC952B /* AuthorView.swift */,
			);
			path = View;
			sourceTree = "<group>";
		};
		F22300AA2B91705100C459B5 /* ViewModel */ = {
			isa = PBXGroup;
			children = (
				F2A6A4372B90298D0060E210 /* UnitConverterMenuViewModel.swift */,
				F28255D62B9025B80089BA2D /* UnitViewModel.swift */,
			);
			path = ViewModel;
			sourceTree = "<group>";
		};
		F22300AB2B91706700C459B5 /* Common */ = {
			isa = PBXGroup;
			children = (
				F2CB08412B8B08B900F25494 /* Toast.swift */,
			);
			path = Common;
			sourceTree = "<group>";
		};
		F22300AC2B91709600C459B5 /* Model */ = {
			isa = PBXGroup;
			children = (
				CC3BD03C2B7A8B4400035929 /* UnitModel.swift */,
			);
			path = Model;
			sourceTree = "<group>";
		};
		F22300AD2B9170D300C459B5 /* Calculator */ = {
			isa = PBXGroup;
			children = (
				CC3BD03E2B7AB79900035929 /* CalculatorView.swift */,
			);
			path = Calculator;
			sourceTree = "<group>";
		};
/* End PBXGroup section */

/* Begin PBXNativeTarget section */
		CC3BD02A2B7A8AEE00035929 /* UnitConverter */ = {
			isa = PBXNativeTarget;
			buildConfigurationList = CC3BD0392B7A8AF100035929 /* Build configuration list for PBXNativeTarget "UnitConverter" */;
			buildPhases = (
				CC3BD0272B7A8AEE00035929 /* Sources */,
				CC3BD0282B7A8AEE00035929 /* Frameworks */,
				CC3BD0292B7A8AEE00035929 /* Resources */,
			);
			buildRules = (
			);
			dependencies = (
			);
			name = UnitConverter;
			productName = UnitConverter002;
			productReference = CC3BD02B2B7A8AEE00035929 /* UnitConverter.app */;
			productType = "com.apple.product-type.application";
		};
/* End PBXNativeTarget section */

/* Begin PBXProject section */
		CC3BD0232B7A8AEE00035929 /* Project object */ = {
			isa = PBXProject;
			attributes = {
				BuildIndependentTargetsInParallel = 1;
				LastSwiftUpdateCheck = 1520;
				LastUpgradeCheck = 1520;
				TargetAttributes = {
					CC3BD02A2B7A8AEE00035929 = {
						CreatedOnToolsVersion = 15.2;
					};
				};
			};
			buildConfigurationList = CC3BD0262B7A8AEE00035929 /* Build configuration list for PBXProject "UnitConverter" */;
			compatibilityVersion = "Xcode 14.0";
			developmentRegion = en;
			hasScannedForEncodings = 0;
			knownRegions = (
				en,
				Base,
			);
			mainGroup = CC3BD0222B7A8AEE00035929;
			productRefGroup = CC3BD02C2B7A8AEE00035929 /* Products */;
			projectDirPath = "";
			projectRoot = "";
			targets = (
				CC3BD02A2B7A8AEE00035929 /* UnitConverter */,
			);
		};
/* End PBXProject section */

/* Begin PBXResourcesBuildPhase section */
		CC3BD0292B7A8AEE00035929 /* Resources */ = {
			isa = PBXResourcesBuildPhase;
			buildActionMask = 2147483647;
			files = (
				CC3BD0362B7A8AF100035929 /* Preview Assets.xcassets in Resources */,
				CC3BD0332B7A8AF100035929 /* Assets.xcassets in Resources */,
			);
			runOnlyForDeploymentPostprocessing = 0;
		};
/* End PBXResourcesBuildPhase section */

/* Begin PBXSourcesBuildPhase section */
		CC3BD0272B7A8AEE00035929 /* Sources */ = {
			isa = PBXSourcesBuildPhase;
			buildActionMask = 2147483647;
			files = (
				CC3BD03F2B7AB79900035929 /* CalculatorView.swift in Sources */,
				F2A6A4382B90298D0060E210 /* UnitConverterMenuViewModel.swift in Sources */,
				F2CB08422B8B08B900F25494 /* Toast.swift in Sources */,
				F28255CF2B90249C0089BA2D /* UnitConverterView.swift in Sources */,
				F28255D12B9024E90089BA2D /* UnitListView.swift in Sources */,
				F2715B182B92CDF300AC952B /* AuthorView.swift in Sources */,
				F28255CD2B90246F0089BA2D /* UnitConverterMenuView.swift in Sources */,
				F28255D32B90251E0089BA2D /* UnitView.swift in Sources */,
				CC3BD03D2B7A8B4400035929 /* UnitModel.swift in Sources */,
				CC3BD02F2B7A8AEE00035929 /* UnitConverter002App.swift in Sources */,
				F28255D72B9025B80089BA2D /* UnitViewModel.swift in Sources */,
			);
			runOnlyForDeploymentPostprocessing = 0;
		};
/* End PBXSourcesBuildPhase section */

/* Begin XCBuildConfiguration section */
		CC3BD0372B7A8AF100035929 /* Debug */ = {
			isa = XCBuildConfiguration;
			buildSettings = {
				ALWAYS_SEARCH_USER_PATHS = NO;
				ASSETCATALOG_COMPILER_GENERATE_SWIFT_ASSET_SYMBOL_EXTENSIONS = YES;
				CLANG_ANALYZER_NONNULL = YES;
				CLANG_ANALYZER_NUMBER_OBJECT_CONVERSION = YES_AGGRESSIVE;
				CLANG_CXX_LANGUAGE_STANDARD = "gnu++20";
				CLANG_ENABLE_MODULES = YES;
				CLANG_ENABLE_OBJC_ARC = YES;
				CLANG_ENABLE_OBJC_WEAK = YES;
				CLANG_WARN_BLOCK_CAPTURE_AUTORELEASING = YES;
				CLANG_WARN_BOOL_CONVERSION = YES;
				CLANG_WARN_COMMA = YES;
				CLANG_WARN_CONSTANT_CONVERSION = YES;
				CLANG_WARN_DEPRECATED_OBJC_IMPLEMENTATIONS = YES;
				CLANG_WARN_DIRECT_OBJC_ISA_USAGE = YES_ERROR;
				CLANG_WARN_DOCUMENTATION_COMMENTS = YES;
				CLANG_WARN_EMPTY_BODY = YES;
				CLANG_WARN_ENUM_CONVERSION = YES;
				CLANG_WARN_INFINITE_RECURSION = YES;
				CLANG_WARN_INT_CONVERSION = YES;
				CLANG_WARN_NON_LITERAL_NULL_CONVERSION = YES;
				CLANG_WARN_OBJC_IMPLICIT_RETAIN_SELF = YES;
				CLANG_WARN_OBJC_LITERAL_CONVERSION = YES;
				CLANG_WARN_OBJC_ROOT_CLASS = YES_ERROR;
				CLANG_WARN_QUOTED_INCLUDE_IN_FRAMEWORK_HEADER = YES;
				CLANG_WARN_RANGE_LOOP_ANALYSIS = YES;
				CLANG_WARN_STRICT_PROTOTYPES = YES;
				CLANG_WARN_SUSPICIOUS_MOVE = YES;
				CLANG_WARN_UNGUARDED_AVAILABILITY = YES_AGGRESSIVE;
				CLANG_WARN_UNREACHABLE_CODE = YES;
				CLANG_WARN__DUPLICATE_METHOD_MATCH = YES;
				COPY_PHASE_STRIP = NO;
				DEBUG_INFORMATION_FORMAT = dwarf;
				ENABLE_STRICT_OBJC_MSGSEND = YES;
				ENABLE_TESTABILITY = YES;
				ENABLE_USER_SCRIPT_SANDBOXING = YES;
				GCC_C_LANGUAGE_STANDARD = gnu17;
				GCC_DYNAMIC_NO_PIC = NO;
				GCC_NO_COMMON_BLOCKS = YES;
				GCC_OPTIMIZATION_LEVEL = 0;
				GCC_PREPROCESSOR_DEFINITIONS = (
					"DEBUG=1",
					"$(inherited)",
				);
				GCC_WARN_64_TO_32_BIT_CONVERSION = YES;
				GCC_WARN_ABOUT_RETURN_TYPE = YES_ERROR;
				GCC_WARN_UNDECLARED_SELECTOR = YES;
				GCC_WARN_UNINITIALIZED_AUTOS = YES_AGGRESSIVE;
				GCC_WARN_UNUSED_FUNCTION = YES;
				GCC_WARN_UNUSED_VARIABLE = YES;
				IPHONEOS_DEPLOYMENT_TARGET = 16.2;
				LOCALIZATION_PREFERS_STRING_CATALOGS = YES;
				MTL_ENABLE_DEBUG_INFO = INCLUDE_SOURCE;
				MTL_FAST_MATH = YES;
				ONLY_ACTIVE_ARCH = YES;
				SDKROOT = iphoneos;
				SWIFT_ACTIVE_COMPILATION_CONDITIONS = "DEBUG $(inherited)";
				SWIFT_OPTIMIZATION_LEVEL = "-Onone";
			};
			name = Debug;
		};
		CC3BD0382B7A8AF100035929 /* Release */ = {
			isa = XCBuildConfiguration;
			buildSettings = {
				ALWAYS_SEARCH_USER_PATHS = NO;
				ASSETCATALOG_COMPILER_GENERATE_SWIFT_ASSET_SYMBOL_EXTENSIONS = YES;
				CLANG_ANALYZER_NONNULL = YES;
				CLANG_ANALYZER_NUMBER_OBJECT_CONVERSION = YES_AGGRESSIVE;
				CLANG_CXX_LANGUAGE_STANDARD = "gnu++20";
				CLANG_ENABLE_MODULES = YES;
				CLANG_ENABLE_OBJC_ARC = YES;
				CLANG_ENABLE_OBJC_WEAK = YES;
				CLANG_WARN_BLOCK_CAPTURE_AUTORELEASING = YES;
				CLANG_WARN_BOOL_CONVERSION = YES;
				CLANG_WARN_COMMA = YES;
				CLANG_WARN_CONSTANT_CONVERSION = YES;
				CLANG_WARN_DEPRECATED_OBJC_IMPLEMENTATIONS = YES;
				CLANG_WARN_DIRECT_OBJC_ISA_USAGE = YES_ERROR;
				CLANG_WARN_DOCUMENTATION_COMMENTS = YES;
				CLANG_WARN_EMPTY_BODY = YES;
				CLANG_WARN_ENUM_CONVERSION = YES;
				CLANG_WARN_INFINITE_RECURSION = YES;
				CLANG_WARN_INT_CONVERSION = YES;
				CLANG_WARN_NON_LITERAL_NULL_CONVERSION = YES;
				CLANG_WARN_OBJC_IMPLICIT_RETAIN_SELF = YES;
				CLANG_WARN_OBJC_LITERAL_CONVERSION = YES;
				CLANG_WARN_OBJC_ROOT_CLASS = YES_ERROR;
				CLANG_WARN_QUOTED_INCLUDE_IN_FRAMEWORK_HEADER = YES;
				CLANG_WARN_RANGE_LOOP_ANALYSIS = YES;
				CLANG_WARN_STRICT_PROTOTYPES = YES;
				CLANG_WARN_SUSPICIOUS_MOVE = YES;
				CLANG_WARN_UNGUARDED_AVAILABILITY = YES_AGGRESSIVE;
				CLANG_WARN_UNREACHABLE_CODE = YES;
				CLANG_WARN__DUPLICATE_METHOD_MATCH = YES;
				COPY_PHASE_STRIP = NO;
				DEBUG_INFORMATION_FORMAT = "dwarf-with-dsym";
				ENABLE_NS_ASSERTIONS = NO;
				ENABLE_STRICT_OBJC_MSGSEND = YES;
				ENABLE_USER_SCRIPT_SANDBOXING = YES;
				GCC_C_LANGUAGE_STANDARD = gnu17;
				GCC_NO_COMMON_BLOCKS = YES;
				GCC_WARN_64_TO_32_BIT_CONVERSION = YES;
				GCC_WARN_ABOUT_RETURN_TYPE = YES_ERROR;
				GCC_WARN_UNDECLARED_SELECTOR = YES;
				GCC_WARN_UNINITIALIZED_AUTOS = YES_AGGRESSIVE;
				GCC_WARN_UNUSED_FUNCTION = YES;
				GCC_WARN_UNUSED_VARIABLE = YES;
				IPHONEOS_DEPLOYMENT_TARGET = 16.2;
				LOCALIZATION_PREFERS_STRING_CATALOGS = YES;
				MTL_ENABLE_DEBUG_INFO = NO;
				MTL_FAST_MATH = YES;
				SDKROOT = iphoneos;
				SWIFT_COMPILATION_MODE = wholemodule;
				VALIDATE_PRODUCT = YES;
			};
			name = Release;
		};
		CC3BD03A2B7A8AF100035929 /* Debug */ = {
			isa = XCBuildConfiguration;
			buildSettings = {
				ASSETCATALOG_COMPILER_APPICON_NAME = AppIcon;
				ASSETCATALOG_COMPILER_GLOBAL_ACCENT_COLOR_NAME = AccentColor;
				ASSETCATALOG_COMPILER_INCLUDE_ALL_APPICON_ASSETS = YES;
				CODE_SIGN_STYLE = Automatic;
				CURRENT_PROJECT_VERSION = 1;
				DEVELOPMENT_ASSET_PATHS = "\"UnitConverter/Preview Content\"";
				DEVELOPMENT_TEAM = FRM6B47L36;
				ENABLE_PREVIEWS = YES;
				GENERATE_INFOPLIST_FILE = YES;
				INFOPLIST_KEY_CFBundleDisplayName = UnitConverter;
				INFOPLIST_KEY_LSApplicationCategoryType = "public.app-category.utilities";
				INFOPLIST_KEY_UIApplicationSceneManifest_Generation = YES;
				INFOPLIST_KEY_UIApplicationSupportsIndirectInputEvents = YES;
				INFOPLIST_KEY_UILaunchScreen_Generation = YES;
				INFOPLIST_KEY_UISupportedInterfaceOrientations = UIInterfaceOrientationPortrait;
				IPHONEOS_DEPLOYMENT_TARGET = 15.0;
				LD_RUNPATH_SEARCH_PATHS = (
					"$(inherited)",
					"@executable_path/Frameworks",
				);
				MARKETING_VERSION = 1.0.0;
				PRODUCT_BUNDLE_IDENTIFIER = huan.zhang.SwiftUI.UnitConverter;
				PRODUCT_NAME = "$(TARGET_NAME)";
				SWIFT_EMIT_LOC_STRINGS = YES;
				SWIFT_VERSION = 5.0;
				TARGETED_DEVICE_FAMILY = "1,2";
			};
			name = Debug;
		};
		CC3BD03B2B7A8AF100035929 /* Release */ = {
			isa = XCBuildConfiguration;
			buildSettings = {
				ASSETCATALOG_COMPILER_APPICON_NAME = AppIcon;
				ASSETCATALOG_COMPILER_GLOBAL_ACCENT_COLOR_NAME = AccentColor;
				ASSETCATALOG_COMPILER_INCLUDE_ALL_APPICON_ASSETS = YES;
				CODE_SIGN_STYLE = Automatic;
				CURRENT_PROJECT_VERSION = 1;
				DEVELOPMENT_ASSET_PATHS = "\"UnitConverter/Preview Content\"";
				DEVELOPMENT_TEAM = FRM6B47L36;
				ENABLE_PREVIEWS = YES;
				GENERATE_INFOPLIST_FILE = YES;
				INFOPLIST_KEY_CFBundleDisplayName = UnitConverter;
				INFOPLIST_KEY_LSApplicationCategoryType = "public.app-category.utilities";
				INFOPLIST_KEY_UIApplicationSceneManifest_Generation = YES;
				INFOPLIST_KEY_UIApplicationSupportsIndirectInputEvents = YES;
				INFOPLIST_KEY_UILaunchScreen_Generation = YES;
				INFOPLIST_KEY_UISupportedInterfaceOrientations = UIInterfaceOrientationPortrait;
				IPHONEOS_DEPLOYMENT_TARGET = 15.0;
				LD_RUNPATH_SEARCH_PATHS = (
					"$(inherited)",
					"@executable_path/Frameworks",
				);
				MARKETING_VERSION = 1.0.0;
				PRODUCT_BUNDLE_IDENTIFIER = huan.zhang.SwiftUI.UnitConverter;
				PRODUCT_NAME = "$(TARGET_NAME)";
				SWIFT_EMIT_LOC_STRINGS = YES;
				SWIFT_VERSION = 5.0;
				TARGETED_DEVICE_FAMILY = "1,2";
			};
			name = Release;
		};
/* End XCBuildConfiguration section */

/* Begin XCConfigurationList section */
		CC3BD0262B7A8AEE00035929 /* Build configuration list for PBXProject "UnitConverter" */ = {
			isa = XCConfigurationList;
			buildConfigurations = (
				CC3BD0372B7A8AF100035929 /* Debug */,
				CC3BD0382B7A8AF100035929 /* Release */,
			);
			defaultConfigurationIsVisible = 0;
			defaultConfigurationName = Release;
		};
		CC3BD0392B7A8AF100035929 /* Build configuration list for PBXNativeTarget "UnitConverter" */ = {
			isa = XCConfigurationList;
			buildConfigurations = (
				CC3BD03A2B7A8AF100035929 /* Debug */,
				CC3BD03B2B7A8AF100035929 /* Release */,
			);
			defaultConfigurationIsVisible = 0;
			defaultConfigurationName = Release;
		};
/* End XCConfigurationList section */
	};
	rootObject = CC3BD0232B7A8AEE00035929 /* Project object */;
}
